
Microsoft Visual Studio Solution File, Format Version 12.00
# Visual Studio 15
VisualStudioVersion = 15.0.27428.2015
MinimumVisualStudioVersion = 10.0.40219.1
Project("{2150E333-8FDC-42A3-9474-1A3956D46DE8}") = "FizzBuzz", "FizzBuzz", "{19BAF391-209D-499E-8D78-E003FC31A887}"
	ProjectSection(SolutionItems) = preProject
		README.md = README.md
	EndProjectSection
EndProject
Project("{2150E333-8FDC-42A3-9474-1A3956D46DE8}") = "Katas", "Katas", "{F979814F-C26C-470E-A58A-07D211288FC9}"
EndProject
Project("{2150E333-8FDC-42A3-9474-1A3956D46DE8}") = "Shared", "Shared", "{A79419AB-2B19-4FCD-8AE2-C218428BC9CD}"
EndProject
Project("{9A19103F-16F7-4668-BE54-9A1E7A4F7556}") = "Kodefoxx.Katas.FizzBuzz", "Katas\FizzBuzz\Kodefoxx.Katas.FizzBuzz\Kodefoxx.Katas.FizzBuzz.csproj", "{F7F4EE3E-BBD4-44F4-B3C8-D3CE6AC1E3A0}"
EndProject
Project("{9A19103F-16F7-4668-BE54-9A1E7A4F7556}") = "Kodefoxx.Katas.FizzBuzz.Runner", "Katas\FizzBuzz\Kodefoxx.Katas.FizzBuzz.Runner\Kodefoxx.Katas.FizzBuzz.Runner.csproj", "{49A93656-6055-456A-BC24-97BEE238C9E1}"
EndProject
Project("{9A19103F-16F7-4668-BE54-9A1E7A4F7556}") = "Kodefoxx.Katas.FizzBuzz.Tests", "Katas\FizzBuzz\Kodefoxx.Katas.FizzBuzz.Tests\Kodefoxx.Katas.FizzBuzz.Tests.csproj", "{B56B295A-EC55-4A87-95E7-31F797655ACC}"
EndProject
Project("{2150E333-8FDC-42A3-9474-1A3956D46DE8}") = "Anagrams", "Anagrams", "{E6F156C8-2D8D-4173-BCFF-47C043ACBE54}"
	ProjectSection(SolutionItems) = preProject
		Katas\Anagrams\README.md = Katas\Anagrams\README.md
	EndProjectSection
EndProject
Project("{9A19103F-16F7-4668-BE54-9A1E7A4F7556}") = "Kodefoxx.Katas.Anagrams", "Katas\Anagrams\Kodefoxx.Katas.Anagrams\Kodefoxx.Katas.Anagrams.csproj", "{AEA7D962-5A35-4712-A56E-80CAA2CA6F1D}"
EndProject
Project("{9A19103F-16F7-4668-BE54-9A1E7A4F7556}") = "Kodefoxx.Katas.Anagrams.Tests", "Katas\Anagrams\Kodefoxx.Katas.Anagrams.Tests\Kodefoxx.Katas.Anagrams.Tests.csproj", "{E2C03BF6-1F4B-4CB5-8005-90D710628B96}"
EndProject
Project("{2150E333-8FDC-42A3-9474-1A3956D46DE8}") = "Tests", "Tests", "{8C2AC4CB-9DE2-43A1-A590-59468D540672}"
EndProject
Project("{2150E333-8FDC-42A3-9474-1A3956D46DE8}") = "Tests", "Tests", "{6728DA28-ED6E-448D-AAB5-698CFC577650}"
EndProject
Project("{9A19103F-16F7-4668-BE54-9A1E7A4F7556}") = "Kodefoxx.Katas.Anagrams.Runner", "Katas\Anagrams\Kodefoxx.Katas.Anagrams.Runner\Kodefoxx.Katas.Anagrams.Runner.csproj", "{7D09BA68-907C-494F-AD3C-9CF6F9A79360}"
EndProject
Project("{2150E333-8FDC-42A3-9474-1A3956D46DE8}") = "FourInARow", "FourInARow", "{7EB37A39-D218-4FCA-94F4-2A9C3AE35A51}"
	ProjectSection(SolutionItems) = preProject
		Katas\FourInARow\README.md = Katas\FourInARow\README.md
	EndProjectSection
EndProject
Project("{9A19103F-16F7-4668-BE54-9A1E7A4F7556}") = "Kodefoxx.Katas.FourInARow", "Katas\FourInARow\Kodefoxx.Katas.FourInARow\Kodefoxx.Katas.FourInARow.csproj", "{C61D6FE9-304B-4E26-8A91-0270840B83E3}"
EndProject
Project("{2150E333-8FDC-42A3-9474-1A3956D46DE8}") = "Tests", "Tests", "{671F81B6-3BB6-4D3A-A07A-C2EEEF5F26A4}"
EndProject
Project("{9A19103F-16F7-4668-BE54-9A1E7A4F7556}") = "Kodefoxx.Katas.FourInARow.Tests", "Katas\FourInARow\Kodefoxx.Katas.FourInARow.Tests\Kodefoxx.Katas.FourInARow.Tests.csproj", "{A476938C-CF8B-4CE2-B9C2-77B850854758}"
EndProject
Project("{9A19103F-16F7-4668-BE54-9A1E7A4F7556}") = "Kodefoxx.FourInARow.Runner.ConsoleApplication", "Katas\FourInARow\Kodefoxx.FourInARow.Runner.ConsoleApplication\Kodefoxx.FourInARow.Runner.ConsoleApplication.csproj", "{FA235923-B627-4421-BCAA-E03BC273006F}"
EndProject
Project("{2150E333-8FDC-42A3-9474-1A3956D46DE8}") = "Runners", "Runners", "{FFFD05D4-93AF-41B0-9A9F-62C1EEBDE1CB}"
EndProject
Project("{2150E333-8FDC-42A3-9474-1A3956D46DE8}") = "WordChains", "WordChains", "{DB5B308C-7D65-4F5F-A308-BE5D0CD95389}"
	ProjectSection(SolutionItems) = preProject
		Katas\WordChains\README.md = Katas\WordChains\README.md
	EndProjectSection
EndProject
Project("{2150E333-8FDC-42A3-9474-1A3956D46DE8}") = "Tests", "Tests", "{85B673BC-F9D1-4F0C-ADE3-C23611F134F2}"
EndProject
Project("{9A19103F-16F7-4668-BE54-9A1E7A4F7556}") = "Kodefoxx.Katas.WordChains", "Katas\WordChains\Kodefoxx.Katas.WordChains\Kodefoxx.Katas.WordChains.csproj", "{3FA50065-565E-4AB3-87F1-F48ED050BB11}"
EndProject
Project("{9A19103F-16F7-4668-BE54-9A1E7A4F7556}") = "Kodefoxx.Katas.WordChains.Tests", "Katas\WordChains\Kodefoxx.Katas.WordChains.Tests\Kodefoxx.Katas.WordChains.Tests.csproj", "{B623068A-6BB1-4BF6-AA74-B4D97221BB81}"
EndProject
Project("{FAE04EC0-301F-11D3-BF4B-00C04F79EFBC}") = "Kodefoxx.Katas.Shared", "Shared\Kodefoxx.Katas.Shared\Kodefoxx.Katas.Shared.csproj", "{05B3A6C3-11C3-4857-A9E3-9B99755C0B99}"
EndProject
Global
	GlobalSection(SolutionConfigurationPlatforms) = preSolution
		Debug|Any CPU = Debug|Any CPU
		Release|Any CPU = Release|Any CPU
	EndGlobalSection
	GlobalSection(ProjectConfigurationPlatforms) = postSolution
		{F7F4EE3E-BBD4-44F4-B3C8-D3CE6AC1E3A0}.Debug|Any CPU.ActiveCfg = Debug|Any CPU
		{F7F4EE3E-BBD4-44F4-B3C8-D3CE6AC1E3A0}.Debug|Any CPU.Build.0 = Debug|Any CPU
		{F7F4EE3E-BBD4-44F4-B3C8-D3CE6AC1E3A0}.Release|Any CPU.ActiveCfg = Release|Any CPU
		{F7F4EE3E-BBD4-44F4-B3C8-D3CE6AC1E3A0}.Release|Any CPU.Build.0 = Release|Any CPU
		{49A93656-6055-456A-BC24-97BEE238C9E1}.Debug|Any CPU.ActiveCfg = Debug|Any CPU
		{49A93656-6055-456A-BC24-97BEE238C9E1}.Debug|Any CPU.Build.0 = Debug|Any CPU
		{49A93656-6055-456A-BC24-97BEE238C9E1}.Release|Any CPU.ActiveCfg = Release|Any CPU
		{49A93656-6055-456A-BC24-97BEE238C9E1}.Release|Any CPU.Build.0 = Release|Any CPU
		{B56B295A-EC55-4A87-95E7-31F797655ACC}.Debug|Any CPU.ActiveCfg = Debug|Any CPU
		{B56B295A-EC55-4A87-95E7-31F797655ACC}.Debug|Any CPU.Build.0 = Debug|Any CPU
		{B56B295A-EC55-4A87-95E7-31F797655ACC}.Release|Any CPU.ActiveCfg = Release|Any CPU
		{B56B295A-EC55-4A87-95E7-31F797655ACC}.Release|Any CPU.Build.0 = Release|Any CPU
		{AEA7D962-5A35-4712-A56E-80CAA2CA6F1D}.Debug|Any CPU.ActiveCfg = Debug|Any CPU
		{AEA7D962-5A35-4712-A56E-80CAA2CA6F1D}.Debug|Any CPU.Build.0 = Debug|Any CPU
		{AEA7D962-5A35-4712-A56E-80CAA2CA6F1D}.Release|Any CPU.ActiveCfg = Release|Any CPU
		{AEA7D962-5A35-4712-A56E-80CAA2CA6F1D}.Release|Any CPU.Build.0 = Release|Any CPU
		{E2C03BF6-1F4B-4CB5-8005-90D710628B96}.Debug|Any CPU.ActiveCfg = Debug|Any CPU
		{E2C03BF6-1F4B-4CB5-8005-90D710628B96}.Debug|Any CPU.Build.0 = Debug|Any CPU
		{E2C03BF6-1F4B-4CB5-8005-90D710628B96}.Release|Any CPU.ActiveCfg = Release|Any CPU
		{E2C03BF6-1F4B-4CB5-8005-90D710628B96}.Release|Any CPU.Build.0 = Release|Any CPU
		{7D09BA68-907C-494F-AD3C-9CF6F9A79360}.Debug|Any CPU.ActiveCfg = Debug|Any CPU
		{7D09BA68-907C-494F-AD3C-9CF6F9A79360}.Debug|Any CPU.Build.0 = Debug|Any CPU
		{7D09BA68-907C-494F-AD3C-9CF6F9A79360}.Release|Any CPU.ActiveCfg = Release|Any CPU
		{7D09BA68-907C-494F-AD3C-9CF6F9A79360}.Release|Any CPU.Build.0 = Release|Any CPU
		{C61D6FE9-304B-4E26-8A91-0270840B83E3}.Debug|Any CPU.ActiveCfg = Debug|Any CPU
		{C61D6FE9-304B-4E26-8A91-0270840B83E3}.Debug|Any CPU.Build.0 = Debug|Any CPU
		{C61D6FE9-304B-4E26-8A91-0270840B83E3}.Release|Any CPU.ActiveCfg = Release|Any CPU
		{C61D6FE9-304B-4E26-8A91-0270840B83E3}.Release|Any CPU.Build.0 = Release|Any CPU
		{A476938C-CF8B-4CE2-B9C2-77B850854758}.Debug|Any CPU.ActiveCfg = Debug|Any CPU
		{A476938C-CF8B-4CE2-B9C2-77B850854758}.Debug|Any CPU.Build.0 = Debug|Any CPU
		{A476938C-CF8B-4CE2-B9C2-77B850854758}.Release|Any CPU.ActiveCfg = Release|Any CPU
		{A476938C-CF8B-4CE2-B9C2-77B850854758}.Release|Any CPU.Build.0 = Release|Any CPU
		{FA235923-B627-4421-BCAA-E03BC273006F}.Debug|Any CPU.ActiveCfg = Debug|Any CPU
		{FA235923-B627-4421-BCAA-E03BC273006F}.Debug|Any CPU.Build.0 = Debug|Any CPU
		{FA235923-B627-4421-BCAA-E03BC273006F}.Release|Any CPU.ActiveCfg = Release|Any CPU
		{FA235923-B627-4421-BCAA-E03BC273006F}.Release|Any CPU.Build.0 = Release|Any CPU
		{3FA50065-565E-4AB3-87F1-F48ED050BB11}.Debug|Any CPU.ActiveCfg = Debug|Any CPU
		{3FA50065-565E-4AB3-87F1-F48ED050BB11}.Debug|Any CPU.Build.0 = Debug|Any CPU
		{3FA50065-565E-4AB3-87F1-F48ED050BB11}.Release|Any CPU.ActiveCfg = Release|Any CPU
		{3FA50065-565E-4AB3-87F1-F48ED050BB11}.Release|Any CPU.Build.0 = Release|Any CPU
		{B623068A-6BB1-4BF6-AA74-B4D97221BB81}.Debug|Any CPU.ActiveCfg = Debug|Any CPU
		{B623068A-6BB1-4BF6-AA74-B4D97221BB81}.Debug|Any CPU.Build.0 = Debug|Any CPU
		{B623068A-6BB1-4BF6-AA74-B4D97221BB81}.Release|Any CPU.ActiveCfg = Release|Any CPU
		{B623068A-6BB1-4BF6-AA74-B4D97221BB81}.Release|Any CPU.Build.0 = Release|Any CPU
		{05B3A6C3-11C3-4857-A9E3-9B99755C0B99}.Debug|Any CPU.ActiveCfg = Debug|Any CPU
		{05B3A6C3-11C3-4857-A9E3-9B99755C0B99}.Debug|Any CPU.Build.0 = Debug|Any CPU
		{05B3A6C3-11C3-4857-A9E3-9B99755C0B99}.Release|Any CPU.ActiveCfg = Release|Any CPU
		{05B3A6C3-11C3-4857-A9E3-9B99755C0B99}.Release|Any CPU.Build.0 = Release|Any CPU
	EndGlobalSection
	GlobalSection(SolutionProperties) = preSolution
		HideSolutionNode = FALSE
	EndGlobalSection
	GlobalSection(NestedProjects) = preSolution
		{19BAF391-209D-499E-8D78-E003FC31A887} = {F979814F-C26C-470E-A58A-07D211288FC9}
		{F7F4EE3E-BBD4-44F4-B3C8-D3CE6AC1E3A0} = {19BAF391-209D-499E-8D78-E003FC31A887}
		{49A93656-6055-456A-BC24-97BEE238C9E1} = {19BAF391-209D-499E-8D78-E003FC31A887}
		{B56B295A-EC55-4A87-95E7-31F797655ACC} = {8C2AC4CB-9DE2-43A1-A590-59468D540672}
		{E6F156C8-2D8D-4173-BCFF-47C043ACBE54} = {F979814F-C26C-470E-A58A-07D211288FC9}
		{AEA7D962-5A35-4712-A56E-80CAA2CA6F1D} = {E6F156C8-2D8D-4173-BCFF-47C043ACBE54}
		{E2C03BF6-1F4B-4CB5-8005-90D710628B96} = {6728DA28-ED6E-448D-AAB5-698CFC577650}
		{8C2AC4CB-9DE2-43A1-A590-59468D540672} = {19BAF391-209D-499E-8D78-E003FC31A887}
		{6728DA28-ED6E-448D-AAB5-698CFC577650} = {E6F156C8-2D8D-4173-BCFF-47C043ACBE54}
		{7D09BA68-907C-494F-AD3C-9CF6F9A79360} = {E6F156C8-2D8D-4173-BCFF-47C043ACBE54}
		{7EB37A39-D218-4FCA-94F4-2A9C3AE35A51} = {F979814F-C26C-470E-A58A-07D211288FC9}
		{C61D6FE9-304B-4E26-8A91-0270840B83E3} = {7EB37A39-D218-4FCA-94F4-2A9C3AE35A51}
		{671F81B6-3BB6-4D3A-A07A-C2EEEF5F26A4} = {7EB37A39-D218-4FCA-94F4-2A9C3AE35A51}
		{A476938C-CF8B-4CE2-B9C2-77B850854758} = {671F81B6-3BB6-4D3A-A07A-C2EEEF5F26A4}
		{FA235923-B627-4421-BCAA-E03BC273006F} = {FFFD05D4-93AF-41B0-9A9F-62C1EEBDE1CB}
		{FFFD05D4-93AF-41B0-9A9F-62C1EEBDE1CB} = {7EB37A39-D218-4FCA-94F4-2A9C3AE35A51}
		{DB5B308C-7D65-4F5F-A308-BE5D0CD95389} = {F979814F-C26C-470E-A58A-07D211288FC9}
		{85B673BC-F9D1-4F0C-ADE3-C23611F134F2} = {DB5B308C-7D65-4F5F-A308-BE5D0CD95389}
		{3FA50065-565E-4AB3-87F1-F48ED050BB11} = {DB5B308C-7D65-4F5F-A308-BE5D0CD95389}
		{B623068A-6BB1-4BF6-AA74-B4D97221BB81} = {85B673BC-F9D1-4F0C-ADE3-C23611F134F2}
		{05B3A6C3-11C3-4857-A9E3-9B99755C0B99} = {A79419AB-2B19-4FCD-8AE2-C218428BC9CD}
	EndGlobalSection
	GlobalSection(ExtensibilityGlobals) = postSolution
		SolutionGuid = {61213541-8D83-4F61-8979-322B98C3171E}
	EndGlobalSection
EndGlobal
